
Microsoft Visual Studio Solution File, Format Version 12.00
# Visual Studio Version 16
VisualStudioVersion = 16.0.30114.105
MinimumVisualStudioVersion = 10.0.40219.1
Project("{FAE04EC0-301F-11D3-BF4B-00C04F79EFBC}") = "EplOnCppGUI", "EplOnCppGUI\EplOnCppGUI.csproj", "{B383A794-DC2D-402B-BCC7-2C31847AD57D}"
EndProject
Global
	GlobalSection(SolutionConfigurationPlatforms) = preSolution
		Debug|Any CPU = Debug|Any CPU
		Release|Any CPU = Release|Any CPU
	EndGlobalSection
	GlobalSection(ProjectConfigurationPlatforms) = postSolution
		{B383A794-DC2D-402B-BCC7-2C31847AD57D}.Debug|Any CPU.ActiveCfg = Debug|Any CPU
		{B383A794-DC2D-402B-BCC7-2C31847AD57D}.Debug|Any CPU.Build.0 = Debug|Any CPU
		{B383A794-DC2D-402B-BCC7-2C31847AD57D}.Release|Any CPU.ActiveCfg = Release|Any CPU
		{B383A794-DC2D-402B-BCC7-2C31847AD57D}.Release|Any CPU.Build.0 = Release|Any CPU
	EndGlobalSection
	GlobalSection(SolutionProperties) = preSolution
		HideSolutionNode = FALSE
	EndGlobalSection
	GlobalSection(ExtensibilityGlobals) = postSolution
		SolutionGuid = {D28B5180-FAFE-4CE1-9DD3-4F7DF56A9834}
	EndGlobalSection
EndGlobal
